
Microsoft Visual Studio Solution File, Format Version 12.00
# Visual Studio Version 18
VisualStudioVersion = 18.10.12201.205 stable
MinimumVisualStudioVersion = 10.0.40219.1
Project("{FAE04EC0-301F-11D3-BF4B-00C04F79EFBC}") = "RulesConstructorForPatent", "RulesConstructorForPatent\RulesConstructorForPatent.csproj", "{AACBE493-26BC-4B97-9ED0-208B64E4B90C}"
EndProject
Global
	GlobalSection(SolutionConfigurationPlatforms) = preSolution
		Debug|Any CPU = Debug|Any CPU
		Release|Any CPU = Release|Any CPU
	EndGlobalSection
	GlobalSection(ProjectConfigurationPlatforms) = postSolution
		{AACBE493-26BC-4B97-9ED0-208B64E4B90C}.Debug|Any CPU.ActiveCfg = Debug|Any CPU
		{AACBE493-26BC-4B97-9ED0-208B64E4B90C}.Debug|Any CPU.Build.0 = Debug|Any CPU
		{AACBE493-26BC-4B97-9ED0-208B64E4B90C}.Release|Any CPU.ActiveCfg = Release|Any CPU
		{AACBE493-26BC-4B97-9ED0-208B64E4B90C}.Release|Any CPU.Build.0 = Release|Any CPU
	EndGlobalSection
	GlobalSection(SolutionProperties) = preSolution
		HideSolutionNode = FALSE
	EndGlobalSection
	GlobalSection(ExtensibilityGlobals) = postSolution
		SolutionGuid = {3E30CE4F-680B-4E5F-BD8D-E96A4A49703E}
	EndGlobalSection
EndGlobal
